// !$*UTF8*$!
{
	archiveVersion = 1;
	classes = {
	};
	objectVersion = 70;
	objects = {

/* Begin PBXBuildFile section */
		64E057AD2F0D9016004A98C2 /* LibraryLocationPicker.swift in Sources */ = {isa = PBXBuildFile; fileRef = 64E057A72F0D9016004A98C2 /* LibraryLocationPicker.swift */; };
		64E057CE2F0D92BD004A98C2 /* LibraryManager.swift in Sources */ = {isa = PBXBuildFile; fileRef = 64E057C92F0D92BD004A98C2 /* LibraryManager.swift */; };
		64E0588F2F0E7539004A98C2 /* PreferencesManager.swift in Sources */ = {isa = PBXBuildFile; fileRef = 64E0588E2F0E7539004A98C2 /* PreferencesManager.swift */; };
		A1000001000000000000001 /* MusicPlayerApp.swift in Sources */ = {isa = PBXBuildFile; fileRef = A2000001000000000000001 /* MusicPlayerApp.swift */; };
		A1000002000000000000001 /* ContentView.swift in Sources */ = {isa = PBXBuildFile; fileRef = A2000002000000000000001 /* ContentView.swift */; };
		A1000003000000000000001 /* SidebarView.swift in Sources */ = {isa = PBXBuildFile; fileRef = A2000003000000000000001 /* SidebarView.swift */; };
		A1000004000000000000001 /* TopBarView.swift in Sources */ = {isa = PBXBuildFile; fileRef = A2000004000000000000001 /* TopBarView.swift */; };
		A1000005000000000000001 /* MainContentView.swift in Sources */ = {isa = PBXBuildFile; fileRef = A2000005000000000000001 /* MainContentView.swift */; };
		A1000006000000000000001 /* MusicModels.swift in Sources */ = {isa = PBXBuildFile; fileRef = A2000006000000000000001 /* MusicModels.swift */; };
		A1000007000000000000001 /* AudioPlayer.swift in Sources */ = {isa = PBXBuildFile; fileRef = A2000007000000000000001 /* AudioPlayer.swift */; };
		A1000009000000000000001 /* Assets.xcassets in Resources */ = {isa = PBXBuildFile; fileRef = A2000009000000000000001 /* Assets.xcassets */; };
		A1000010000000000000001 /* NowPlayingWidget.swift in Sources */ = {isa = PBXBuildFile; fileRef = A2000011000000000000001 /* NowPlayingWidget.swift */; };
		A1000012000000000000001 /* QueueView.swift in Sources */ = {isa = PBXBuildFile; fileRef = A2000012000000000000001 /* QueueView.swift */; };
		A1000013000000000000001 /* AlbumDetailView.swift in Sources */ = {isa = PBXBuildFile; fileRef = A2000013000000000000001 /* AlbumDetailView.swift */; };
		A1000014000000000000001 /* PreferencesWindow.swift in Sources */ = {isa = PBXBuildFile; fileRef = A2000014000000000000001 /* PreferencesWindow.swift */; };
		A1000015000000000000001 /* GeneralPreferencesView.swift in Sources */ = {isa = PBXBuildFile; fileRef = A2000015000000000000001 /* GeneralPreferencesView.swift */; };
		A1000016000000000000001 /* PlaybackPreferencesView.swift in Sources */ = {isa = PBXBuildFile; fileRef = A2000016000000000000001 /* PlaybackPreferencesView.swift */; };
/* End PBXBuildFile section */

/* Begin PBXFileReference section */
		64E0579F2F0D9016004A98C2 /* Info.plist */ = {isa = PBXFileReference; lastKnownFileType = text.plist.xml; path = Info.plist; sourceTree = "<group>"; };
		64E057A72F0D9016004A98C2 /* LibraryLocationPicker.swift */ = {isa = PBXFileReference; lastKnownFileType = sourcecode.swift; path = LibraryLocationPicker.swift; sourceTree = "<group>"; };
		64E057C92F0D92BD004A98C2 /* LibraryManager.swift */ = {isa = PBXFileReference; lastKnownFileType = sourcecode.swift; path = LibraryManager.swift; sourceTree = "<group>"; };
		64E0588E2F0E7539004A98C2 /* PreferencesManager.swift */ = {isa = PBXFileReference; lastKnownFileType = sourcecode.swift; path = PreferencesManager.swift; sourceTree = "<group>"; };
		A2000001000000000000001 /* MusicPlayerApp.swift */ = {isa = PBXFileReference; lastKnownFileType = sourcecode.swift; path = MusicPlayerApp.swift; sourceTree = "<group>"; };
		A2000002000000000000001 /* ContentView.swift */ = {isa = PBXFileReference; lastKnownFileType = sourcecode.swift; path = ContentView.swift; sourceTree = "<group>"; };
		A2000003000000000000001 /* SidebarView.swift */ = {isa = PBXFileReference; lastKnownFileType = sourcecode.swift; path = SidebarView.swift; sourceTree = "<group>"; };
		A2000004000000000000001 /* TopBarView.swift */ = {isa = PBXFileReference; lastKnownFileType = sourcecode.swift; path = TopBarView.swift; sourceTree = "<group>"; };
		A2000005000000000000001 /* MainContentView.swift */ = {isa = PBXFileReference; lastKnownFileType = sourcecode.swift; path = MainContentView.swift; sourceTree = "<group>"; };
		A2000006000000000000001 /* MusicModels.swift */ = {isa = PBXFileReference; lastKnownFileType = sourcecode.swift; path = MusicModels.swift; sourceTree = "<group>"; };
		A2000007000000000000001 /* AudioPlayer.swift */ = {isa = PBXFileReference; lastKnownFileType = sourcecode.swift; path = AudioPlayer.swift; sourceTree = "<group>"; };
		A2000009000000000000001 /* Assets.xcassets */ = {isa = PBXFileReference; lastKnownFileType = folder.assetcatalog; path = Assets.xcassets; sourceTree = "<group>"; };
		A2000010000000000000001 /* MusicPlayer.entitlements */ = {isa = PBXFileReference; lastKnownFileType = text.plist.entitlements; path = MusicPlayer.entitlements; sourceTree = "<group>"; };
		A2000011000000000000001 /* NowPlayingWidget.swift */ = {isa = PBXFileReference; lastKnownFileType = sourcecode.swift; path = NowPlayingWidget.swift; sourceTree = "<group>"; };
		A2000012000000000000001 /* QueueView.swift */ = {isa = PBXFileReference; lastKnownFileType = sourcecode.swift; path = QueueView.swift; sourceTree = "<group>"; };
		A2000013000000000000001 /* AlbumDetailView.swift */ = {isa = PBXFileReference; lastKnownFileType = sourcecode.swift; path = AlbumDetailView.swift; sourceTree = "<group>"; };
		A2000014000000000000001 /* PreferencesWindow.swift */ = {isa = PBXFileReference; lastKnownFileType = sourcecode.swift; path = PreferencesWindow.swift; sourceTree = "<group>"; };
		A2000015000000000000001 /* GeneralPreferencesView.swift */ = {isa = PBXFileReference; lastKnownFileType = sourcecode.swift; path = GeneralPreferencesView.swift; sourceTree = "<group>"; };
		A2000016000000000000001 /* PlaybackPreferencesView.swift */ = {isa = PBXFileReference; lastKnownFileType = sourcecode.swift; path = PlaybackPreferencesView.swift; sourceTree = "<group>"; };
		A3000001000000000000001 /* MusicPlayer.app */ = {isa = PBXFileReference; explicitFileType = wrapper.application; includeInIndex = 0; path = MusicPlayer.app; sourceTree = BUILT_PRODUCTS_DIR; };
/* End PBXFileReference section */

/* Begin PBXFileSystemSynchronizedRootGroup section */
		64E057C82F0D92BD004A98C2 /* LibraryBundleTemplate */ = {isa = PBXFileSystemSynchronizedRootGroup; explicitFileTypes = {}; explicitFolders = (); path = LibraryBundleTemplate; sourceTree = "<group>"; };
/* End PBXFileSystemSynchronizedRootGroup section */

/* Begin PBXFrameworksBuildPhase section */
		A4000001000000000000001 /* Frameworks */ = {
			isa = PBXFrameworksBuildPhase;
			buildActionMask = 2147483647;
			files = (
			);
			runOnlyForDeploymentPostprocessing = 0;
		};
/* End PBXFrameworksBuildPhase section */

/* Begin PBXGroup section */
		A5000001000000000000001 = {
			isa = PBXGroup;
			children = (
				A5000002000000000000001 /* MusicPlayer */,
				A5000003000000000000001 /* Products */,
			);
			sourceTree = "<group>";
		};
		A5000002000000000000001 /* MusicPlayer */ = {
			isa = PBXGroup;
			children = (
				64E057C82F0D92BD004A98C2 /* LibraryBundleTemplate */,
				64E057C92F0D92BD004A98C2 /* LibraryManager.swift */,
				A2000009000000000000001 /* Assets.xcassets */,
				A2000007000000000000001 /* AudioPlayer.swift */,
				A2000002000000000000001 /* ContentView.swift */,
				64E0588E2F0E7539004A98C2 /* PreferencesManager.swift */,
				A2000015000000000000001 /* GeneralPreferencesView.swift */,
				64E0579F2F0D9016004A98C2 /* Info.plist */,
				64E057A72F0D9016004A98C2 /* LibraryLocationPicker.swift */,
				A2000005000000000000001 /* MainContentView.swift */,
				A2000006000000000000001 /* MusicModels.swift */,
				A2000010000000000000001 /* MusicPlayer.entitlements */,
				A2000001000000000000001 /* MusicPlayerApp.swift */,
				A2000011000000000000001 /* NowPlayingWidget.swift */,
				A2000016000000000000001 /* PlaybackPreferencesView.swift */,
				A2000013000000000000001 /* AlbumDetailView.swift */,
				A2000014000000000000001 /* PreferencesWindow.swift */,
				A2000012000000000000001 /* QueueView.swift */,
				A2000003000000000000001 /* SidebarView.swift */,
				A2000004000000000000001 /* TopBarView.swift */,
			);
			path = MusicPlayer;
			sourceTree = "<group>";
		};
		A5000003000000000000001 /* Products */ = {
			isa = PBXGroup;
			children = (
				A3000001000000000000001 /* MusicPlayer.app */,
			);
			name = Products;
			sourceTree = "<group>";
		};
/* End PBXGroup section */

/* Begin PBXNativeTarget section */
		A6000001000000000000001 /* MusicPlayer */ = {
			isa = PBXNativeTarget;
			buildConfigurationList = A7000001000000000000001 /* Build configuration list for PBXNativeTarget "MusicPlayer" */;
			buildPhases = (
				A8000001000000000000001 /* Sources */,
				A4000001000000000000001 /* Frameworks */,
				A9000001000000000000001 /* Resources */,
			);
			buildRules = (
			);
			dependencies = (
			);
			fileSystemSynchronizedGroups = (
				64E057C82F0D92BD004A98C2 /* LibraryBundleTemplate */,
			);
			name = MusicPlayer;
			productName = MusicPlayer;
			productReference = A3000001000000000000001 /* MusicPlayer.app */;
			productType = "com.apple.product-type.application";
		};
/* End PBXNativeTarget section */

/* Begin PBXProject section */
		AA000001000000000000001 /* Project object */ = {
			isa = PBXProject;
			attributes = {
				BuildIndependentTargetsInParallel = 1;
				LastSwiftUpdateCheck = 1500;
				LastUpgradeCheck = 1620;
				TargetAttributes = {
					A6000001000000000000001 = {
						CreatedOnToolsVersion = 15.0;
					};
				};
			};
			buildConfigurationList = AA000002000000000000001 /* Build configuration list for PBXProject "MusicPlayer" */;
			compatibilityVersion = "Xcode 14.0";
			developmentRegion = en;
			hasScannedForEncodings = 0;
			knownRegions = (
				en,
				Base,
			);
			mainGroup = A5000001000000000000001;
			productRefGroup = A5000003000000000000001 /* Products */;
			projectDirPath = "";
			projectRoot = "";
			targets = (
				A6000001000000000000001 /* MusicPlayer */,
			);
		};
/* End PBXProject section */

/* Begin PBXResourcesBuildPhase section */
		A9000001000000000000001 /* Resources */ = {
			isa = PBXResourcesBuildPhase;
			buildActionMask = 2147483647;
			files = (
				A1000009000000000000001 /* Assets.xcassets in Resources */,
			);
			runOnlyForDeploymentPostprocessing = 0;
		};
/* End PBXResourcesBuildPhase section */

/* Begin PBXSourcesBuildPhase section */
		A8000001000000000000001 /* Sources */ = {
			isa = PBXSourcesBuildPhase;
			buildActionMask = 2147483647;
			files = (
				A1000001000000000000001 /* MusicPlayerApp.swift in Sources */,
				A1000002000000000000001 /* ContentView.swift in Sources */,
				A1000003000000000000001 /* SidebarView.swift in Sources */,
				A1000004000000000000001 /* TopBarView.swift in Sources */,
				64E0588F2F0E7539004A98C2 /* PreferencesManager.swift in Sources */,
				A1000010000000000000001 /* NowPlayingWidget.swift in Sources */,
				64E057CE2F0D92BD004A98C2 /* LibraryManager.swift in Sources */,
				A1000005000000000000001 /* MainContentView.swift in Sources */,
				A1000006000000000000001 /* MusicModels.swift in Sources */,
				A1000007000000000000001 /* AudioPlayer.swift in Sources */,
				64E057AD2F0D9016004A98C2 /* LibraryLocationPicker.swift in Sources */,
				A1000012000000000000001 /* QueueView.swift in Sources */,
				A1000013000000000000001 /* AlbumDetailView.swift in Sources */,
				A1000014000000000000001 /* PreferencesWindow.swift in Sources */,
				A1000015000000000000001 /* GeneralPreferencesView.swift in Sources */,
				A1000016000000000000001 /* PlaybackPreferencesView.swift in Sources */,
				A1000013000000000000001 /* AlbumDetailView.swift in Sources */,
			);
			runOnlyForDeploymentPostprocessing = 0;
		};
/* End PBXSourcesBuildPhase section */

/* Begin XCBuildConfiguration section */
		AB000001000000000000001 /* Debug */ = {
			isa = XCBuildConfiguration;
			buildSettings = {
				ALWAYS_SEARCH_USER_PATHS = NO;
				ASSETCATALOG_COMPILER_GENERATE_SWIFT_ASSET_SYMBOL_EXTENSIONS = YES;
				CLANG_ANALYZER_NONNULL = YES;
				CLANG_ANALYZER_NUMBER_OBJECT_CONVERSION = YES_AGGRESSIVE;
				CLANG_CXX_LANGUAGE_STANDARD = "gnu++20";
				CLANG_ENABLE_MODULES = YES;
				CLANG_ENABLE_OBJC_ARC = YES;
				CLANG_ENABLE_OBJC_WEAK = YES;
				CLANG_WARN_BLOCK_CAPTURE_AUTORELEASING = YES;
				CLANG_WARN_BOOL_CONVERSION = YES;
				CLANG_WARN_COMMA = YES;
				CLANG_WARN_CONSTANT_CONVERSION = YES;
				CLANG_WARN_DEPRECATED_OBJC_IMPLEMENTATIONS = YES;
				CLANG_WARN_DIRECT_OBJC_ISA_USAGE = YES_ERROR;
				CLANG_WARN_DOCUMENTATION_COMMENTS = YES;
				CLANG_WARN_EMPTY_BODY = YES;
				CLANG_WARN_ENUM_CONVERSION = YES;
				CLANG_WARN_INFINITE_RECURSION = YES;
				CLANG_WARN_INT_CONVERSION = YES;
				CLANG_WARN_NON_LITERAL_NULL_CONVERSION = YES;
				CLANG_WARN_OBJC_IMPLICIT_RETAIN_SELF = YES;
				CLANG_WARN_OBJC_LITERAL_CONVERSION = YES;
				CLANG_WARN_OBJC_ROOT_CLASS = YES_ERROR;
				CLANG_WARN_QUOTED_INCLUDE_IN_FRAMEWORK_HEADER = YES;
				CLANG_WARN_RANGE_LOOP_ANALYSIS = YES;
				CLANG_WARN_STRICT_PROTOTYPES = YES;
				CLANG_WARN_SUSPICIOUS_MOVE = YES;
				CLANG_WARN_UNGUARDED_AVAILABILITY = YES_AGGRESSIVE;
				CLANG_WARN_UNREACHABLE_CODE = YES;
				CLANG_WARN__DUPLICATE_METHOD_MATCH = YES;
				COPY_PHASE_STRIP = NO;
				DEAD_CODE_STRIPPING = YES;
				DEBUG_INFORMATION_FORMAT = dwarf;
				ENABLE_STRICT_OBJC_MSGSEND = YES;
				ENABLE_TESTABILITY = YES;
				ENABLE_USER_SCRIPT_SANDBOXING = YES;
				GCC_C_LANGUAGE_STANDARD = gnu17;
				GCC_DYNAMIC_NO_PIC = NO;
				GCC_NO_COMMON_BLOCKS = YES;
				GCC_OPTIMIZATION_LEVEL = 0;
				GCC_PREPROCESSOR_DEFINITIONS = (
					"DEBUG=1",
					"$(inherited)",
				);
				GCC_WARN_64_TO_32_BIT_CONVERSION = YES;
				GCC_WARN_ABOUT_RETURN_TYPE = YES_ERROR;
				GCC_WARN_UNDECLARED_SELECTOR = YES;
				GCC_WARN_UNINITIALIZED_AUTOS = YES_AGGRESSIVE;
				GCC_WARN_UNUSED_FUNCTION = YES;
				GCC_WARN_UNUSED_VARIABLE = YES;
				LOCALIZATION_PREFERS_STRING_CATALOGS = YES;
				MACOSX_DEPLOYMENT_TARGET = 13.0;
				MTL_ENABLE_DEBUG_INFO = INCLUDE_SOURCE;
				MTL_FAST_MATH = YES;
				ONLY_ACTIVE_ARCH = YES;
				SDKROOT = macosx;
				SWIFT_ACTIVE_COMPILATION_CONDITIONS = "DEBUG $(inherited)";
				SWIFT_OPTIMIZATION_LEVEL = "-Onone";
			};
			name = Debug;
		};
		AB000002000000000000001 /* Release */ = {
			isa = XCBuildConfiguration;
			buildSettings = {
				ALWAYS_SEARCH_USER_PATHS = NO;
				ASSETCATALOG_COMPILER_GENERATE_SWIFT_ASSET_SYMBOL_EXTENSIONS = YES;
				CLANG_ANALYZER_NONNULL = YES;
				CLANG_ANALYZER_NUMBER_OBJECT_CONVERSION = YES_AGGRESSIVE;
				CLANG_CXX_LANGUAGE_STANDARD = "gnu++20";
				CLANG_ENABLE_MODULES = YES;
				CLANG_ENABLE_OBJC_ARC = YES;
				CLANG_ENABLE_OBJC_WEAK = YES;
				CLANG_WARN_BLOCK_CAPTURE_AUTORELEASING = YES;
				CLANG_WARN_BOOL_CONVERSION = YES;
				CLANG_WARN_COMMA = YES;
				CLANG_WARN_CONSTANT_CONVERSION = YES;
				CLANG_WARN_DEPRECATED_OBJC_IMPLEMENTATIONS = YES;
				CLANG_WARN_DIRECT_OBJC_ISA_USAGE = YES_ERROR;
				CLANG_WARN_DOCUMENTATION_COMMENTS = YES;
				CLANG_WARN_EMPTY_BODY = YES;
				CLANG_WARN_ENUM_CONVERSION = YES;
				CLANG_WARN_INFINITE_RECURSION = YES;
				CLANG_WARN_INT_CONVERSION = YES;
				CLANG_WARN_NON_LITERAL_NULL_CONVERSION = YES;
				CLANG_WARN_OBJC_IMPLICIT_RETAIN_SELF = YES;
				CLANG_WARN_OBJC_LITERAL_CONVERSION = YES;
				CLANG_WARN_OBJC_ROOT_CLASS = YES_ERROR;
				CLANG_WARN_QUOTED_INCLUDE_IN_FRAMEWORK_HEADER = YES;
				CLANG_WARN_RANGE_LOOP_ANALYSIS = YES;
				CLANG_WARN_STRICT_PROTOTYPES = YES;
				CLANG_WARN_SUSPICIOUS_MOVE = YES;
				CLANG_WARN_UNGUARDED_AVAILABILITY = YES_AGGRESSIVE;
				CLANG_WARN_UNREACHABLE_CODE = YES;
				CLANG_WARN__DUPLICATE_METHOD_MATCH = YES;
				COPY_PHASE_STRIP = NO;
				DEAD_CODE_STRIPPING = YES;
				DEBUG_INFORMATION_FORMAT = "dwarf-with-dsym";
				ENABLE_NS_ASSERTIONS = NO;
				ENABLE_STRICT_OBJC_MSGSEND = YES;
				ENABLE_USER_SCRIPT_SANDBOXING = YES;
				GCC_C_LANGUAGE_STANDARD = gnu17;
				GCC_NO_COMMON_BLOCKS = YES;
				GCC_WARN_64_TO_32_BIT_CONVERSION = YES;
				GCC_WARN_ABOUT_RETURN_TYPE = YES_ERROR;
				GCC_WARN_UNDECLARED_SELECTOR = YES;
				GCC_WARN_UNINITIALIZED_AUTOS = YES_AGGRESSIVE;
				GCC_WARN_UNUSED_FUNCTION = YES;
				GCC_WARN_UNUSED_VARIABLE = YES;
				LOCALIZATION_PREFERS_STRING_CATALOGS = YES;
				MACOSX_DEPLOYMENT_TARGET = 13.0;
				MTL_ENABLE_DEBUG_INFO = NO;
				MTL_FAST_MATH = YES;
				SDKROOT = macosx;
				SWIFT_COMPILATION_MODE = wholemodule;
			};
			name = Release;
		};
		AB000003000000000000001 /* Debug */ = {
			isa = XCBuildConfiguration;
			buildSettings = {
				ASSETCATALOG_COMPILER_APPICON_NAME = AppIcon;
				ASSETCATALOG_COMPILER_GLOBAL_ACCENT_COLOR_NAME = AccentColor;
				CODE_SIGN_ENTITLEMENTS = MusicPlayer/MusicPlayer.entitlements;
				CODE_SIGN_STYLE = Automatic;
				COMBINE_HIDPI_IMAGES = YES;
				CURRENT_PROJECT_VERSION = 1;
				DEAD_CODE_STRIPPING = YES;
				DEVELOPMENT_ASSET_PATHS = "";
				ENABLE_PREVIEWS = YES;
				GENERATE_INFOPLIST_FILE = NO;
				INFOPLIST_FILE = MusicPlayer/Info.plist;
				INFOPLIST_KEY_CFBundleDisplayName = MusicPlayer;
				INFOPLIST_KEY_LSApplicationCategoryType = "public.app-category.music";
				INFOPLIST_KEY_NSHumanReadableCopyright = "";
				LD_RUNPATH_SEARCH_PATHS = (
					"$(inherited)",
					"@executable_path/../Frameworks",
				);
				MARKETING_VERSION = 0.01;
				PRODUCT_BUNDLE_IDENTIFIER = com.musicplayer.MusicPlayer;
				PRODUCT_NAME = "$(TARGET_NAME)";
				SWIFT_EMIT_LOC_STRINGS = YES;
				SWIFT_VERSION = 5.0;
			};
			name = Debug;
		};
		AB000004000000000000001 /* Release */ = {
			isa = XCBuildConfiguration;
			buildSettings = {
				ASSETCATALOG_COMPILER_APPICON_NAME = AppIcon;
				ASSETCATALOG_COMPILER_GLOBAL_ACCENT_COLOR_NAME = AccentColor;
				CODE_SIGN_ENTITLEMENTS = MusicPlayer/MusicPlayer.entitlements;
				CODE_SIGN_STYLE = Automatic;
				COMBINE_HIDPI_IMAGES = YES;
				CURRENT_PROJECT_VERSION = 1;
				DEAD_CODE_STRIPPING = YES;
				DEVELOPMENT_ASSET_PATHS = "";
				ENABLE_PREVIEWS = YES;
				GENERATE_INFOPLIST_FILE = NO;
				INFOPLIST_FILE = MusicPlayer/Info.plist;
				INFOPLIST_KEY_CFBundleDisplayName = MusicPlayer;
				INFOPLIST_KEY_LSApplicationCategoryType = "public.app-category.music";
				INFOPLIST_KEY_NSHumanReadableCopyright = "";
				LD_RUNPATH_SEARCH_PATHS = (
					"$(inherited)",
					"@executable_path/../Frameworks",
				);
				MARKETING_VERSION = 0.01;
				PRODUCT_BUNDLE_IDENTIFIER = com.musicplayer.MusicPlayer;
				PRODUCT_NAME = "$(TARGET_NAME)";
				SWIFT_EMIT_LOC_STRINGS = YES;
				SWIFT_VERSION = 5.0;
			};
			name = Release;
		};
/* End XCBuildConfiguration section */

/* Begin XCConfigurationList section */
		A7000001000000000000001 /* Build configuration list for PBXNativeTarget "MusicPlayer" */ = {
			isa = XCConfigurationList;
			buildConfigurations = (
				AB000003000000000000001 /* Debug */,
				AB000004000000000000001 /* Release */,
			);
			defaultConfigurationIsVisible = 0;
			defaultConfigurationName = Release;
		};
		AA000002000000000000001 /* Build configuration list for PBXProject "MusicPlayer" */ = {
			isa = XCConfigurationList;
			buildConfigurations = (
				AB000001000000000000001 /* Debug */,
				AB000002000000000000001 /* Release */,
			);
			defaultConfigurationIsVisible = 0;
			defaultConfigurationName = Release;
		};
/* End XCConfigurationList section */
	};
	rootObject = AA000001000000000000001 /* Project object */;
}
